# THIS IS AN AUTOGENERATED FILE. DO NOT EDIT THIS FILE DIRECTLY.
# yarn lockfile v1


highlight.js@^11.10.0:
  version "11.10.0"
  resolved "https://registry.yarnpkg.com/highlight.js/-/highlight.js-11.10.0.tgz#6e3600dc4b33d6dc23d5bd94fbf72405f5892b92"
  integrity sha512-SYVnVFswQER+zu1laSya563s+F8VDGt7o35d4utbamowvUNLLMovFqwCLSocpZTz3MgaSRA1IbqRWZv97dtErQ==

marked@^15.0.3:
  version "15.0.3"
  resolved "https://registry.yarnpkg.com/marked/-/marked-15.0.3.tgz#f75ae6ca71aeeaea0cfa2c2f120016ac8373aede"
  integrity sha512-Ai0cepvl2NHnTcO9jYDtcOEtVBNVYR31XnEA3BndO7f5As1wzpcOceSUM8FDkNLJNIODcLpDTWay/qQhqbuMvg==
